{
    "version": 3,
    "terraform_version": "0.7.4",
    "serial": 1,
    "lineage": "728c0ea1-d7a1-4917-81c4-b7a05a1ba3b7",
    "modules": [
        {
            "path": [
                "root"
            ],
            "outputs": {},
            "resources": {
                "google_compute_firewall.default": {
                    "type": "google_compute_firewall",
                    "depends_on": [],
                    "primary": {
                        "id": "main-test-fw",
                        "attributes": {
                            "allow.#": "1",
                            "allow.272637744.ports.#": "1",
                            "allow.272637744.ports.0": "80",
                            "allow.272637744.protocol": "tcp",
                            "description": "",
                            "id": "main-test-fw",
                            "name": "main-test-fw",
                            "network": "default",
                            "project": "infect-testing",
                            "self_link": "https://www.googleapis.com/compute/v1/projects/infect-testing/global/firewalls/main-test-fw",
                            "source_ranges.#": "1",
                            "source_ranges.1080289494": "0.0.0.0/0",
                            "source_tags.#": "0",
                            "target_tags.#": "1",
                            "target_tags.1630882000": "www-node"
                        },
                        "meta": {
                            "schema_version": "1"
                        },
                        "tainted": false
                    },
                    "deposed": [],
                    "provider": ""
                },
                "google_compute_forwarding_rule.default": {
                    "type": "google_compute_forwarding_rule",
                    "depends_on": [
                        "google_compute_target_pool.default"
                    ],
                    "primary": {
                        "id": "tf-default-forwarding-rule",
                        "attributes": {
                            "description": "",
                            "id": "tf-default-forwarding-rule",
                            "ip_address": "104.155.88.137",
                            "ip_protocol": "TCP",
                            "name": "tf-default-forwarding-rule",
                            "port_range": "80-80",
                            "project": "infect-testing",
                            "region": "europe-west1",
                            "self_link": "https://www.googleapis.com/compute/v1/projects/infect-testing/regions/europe-west1/forwardingRules/tf-default-forwarding-rule",
                            "target": "https://www.googleapis.com/compute/v1/projects/infect-testing/regions/europe-west1/targetPools/tf-default-target-pool"
                        },
                        "meta": {},
                        "tainted": false
                    },
                    "deposed": [],
                    "provider": ""
                },
                "google_compute_http_health_check.default": {
                    "type": "google_compute_http_health_check",
                    "depends_on": [],
                    "primary": {
                        "id": "tf-www-basic-check",
                        "attributes": {
                            "check_interval_sec": "1",
                            "description": "",
                            "healthy_threshold": "1",
                            "host": "",
                            "id": "tf-www-basic-check",
                            "name": "tf-www-basic-check",
                            "port": "80",
                            "project": "infect-testing",
                            "request_path": "/",
                            "self_link": "https://www.googleapis.com/compute/v1/projects/infect-testing/global/httpHealthChecks/tf-www-basic-check",
                            "timeout_sec": "1",
                            "unhealthy_threshold": "10"
                        },
                        "meta": {},
                        "tainted": false
                    },
                    "deposed": [],
                    "provider": ""
                },
                "google_compute_instance.default.0": {
                    "type": "google_compute_instance",
                    "depends_on": [],
                    "primary": {
                        "id": "main-server-1",
                        "attributes": {
                            "can_ip_forward": "false",
                            "disk.#": "1",
                            "disk.0.auto_delete": "true",
                            "disk.0.device_name": "",
                            "disk.0.disk": "",
                            "disk.0.image": "ubuntu-os-cloud/ubuntu-1604-xenial-v20160930",
                            "disk.0.scratch": "false",
                            "disk.0.size": "100",
                            "disk.0.type": "pd-standard",
                            "id": "main-server-1",
                            "machine_type": "n1-standard-1",
                            "metadata.%": "1",
                            "metadata.ssh-keys": "root:ssh-rsa AAAAB3NzaC1yc2EAAAADAQABAAABAQDzx1VVJ0ojdkWE9j5v3D4ia0vTJrRUlRWAXkHvCrmHuBeIztxsz0d2wY4CkifcB9ch6m9UEYI3Ocxz3Li/tKn1IyjKKq6rBztfMrJkWUHapXxwLhvCxHilrcygMsZhQtdpiYH6uUTPS0RMXpkPw/VV0CbjhOpreQ1J0jajwwzfobUnG3pEm+KvvM1WjLfhIz6WRu5dZhC11ZYqba4HNCV7XJKOgYXrP0hoTOYSDCB7JYK6aNGHrZNJQpN4Gs1tSgQ6yD3g6B2aYNt3O8uryB8k7ECBCEXhe+IBEPCp2IvbJXKW4tEW4FZ7By0721jeDQ5wEf7TTZUamjQiTTTbRGez max@maxw-OptiPlex-7010\n",
                            "metadata_fingerprint": "dCbrjZi-mT4=",
                            "name": "main-server-1",
                            "network.#": "0",
                            "network_interface.#": "1",
                            "network_interface.0.access_config.#": "1",
                            "network_interface.0.access_config.0.assigned_nat_ip": "104.199.40.44",
                            "network_interface.0.access_config.0.nat_ip": "",
                            "network_interface.0.address": "10.240.0.8",
                            "network_interface.0.name": "nic0",
                            "network_interface.0.network": "default",
                            "network_interface.0.subnetwork": "",
                            "self_link": "https://www.googleapis.com/compute/v1/projects/infect-testing/zones/europe-west1-c/instances/main-server-1",
                            "service_account.#": "1",
                            "service_account.0.email": "408481859568-compute@developer.gserviceaccount.com",
                            "service_account.0.scopes.#": "1",
                            "service_account.0.scopes.2862113455": "https://www.googleapis.com/auth/compute.readonly",
                            "tags.#": "2",
                            "tags.3207122276": "main",
                            "tags.3632233996": "test",
                            "tags_fingerprint": "eKB4pueYDi0=",
                            "zone": "europe-west1-c"
                        },
                        "meta": {
                            "schema_version": "2"
                        },
                        "tainted": false
                    },
                    "deposed": [],
                    "provider": ""
                },
                "google_compute_instance.default.1": {
                    "type": "google_compute_instance",
                    "depends_on": [],
                    "primary": {
                        "id": "main-server-2",
                        "attributes": {
                            "can_ip_forward": "false",
                            "disk.#": "1",
                            "disk.0.auto_delete": "true",
                            "disk.0.device_name": "",
                            "disk.0.disk": "",
                            "disk.0.image": "ubuntu-os-cloud/ubuntu-1604-xenial-v20160930",
                            "disk.0.scratch": "false",
                            "disk.0.size": "100",
                            "disk.0.type": "pd-standard",
                            "id": "main-server-2",
                            "machine_type": "n1-standard-1",
                            "metadata.%": "1",
                            "metadata.ssh-keys": "root:ssh-rsa AAAAB3NzaC1yc2EAAAADAQABAAABAQDzx1VVJ0ojdkWE9j5v3D4ia0vTJrRUlRWAXkHvCrmHuBeIztxsz0d2wY4CkifcB9ch6m9UEYI3Ocxz3Li/tKn1IyjKKq6rBztfMrJkWUHapXxwLhvCxHilrcygMsZhQtdpiYH6uUTPS0RMXpkPw/VV0CbjhOpreQ1J0jajwwzfobUnG3pEm+KvvM1WjLfhIz6WRu5dZhC11ZYqba4HNCV7XJKOgYXrP0hoTOYSDCB7JYK6aNGHrZNJQpN4Gs1tSgQ6yD3g6B2aYNt3O8uryB8k7ECBCEXhe+IBEPCp2IvbJXKW4tEW4FZ7By0721jeDQ5wEf7TTZUamjQiTTTbRGez max@maxw-OptiPlex-7010\n",
                            "metadata_fingerprint": "dCbrjZi-mT4=",
                            "name": "main-server-2",
                            "network.#": "0",
                            "network_interface.#": "1",
                            "network_interface.0.access_config.#": "1",
                            "network_interface.0.access_config.0.assigned_nat_ip": "104.155.74.151",
                            "network_interface.0.access_config.0.nat_ip": "",
                            "network_interface.0.address": "10.240.0.4",
                            "network_interface.0.name": "nic0",
                            "network_interface.0.network": "default",
                            "network_interface.0.subnetwork": "",
                            "self_link": "https://www.googleapis.com/compute/v1/projects/infect-testing/zones/europe-west1-c/instances/main-server-2",
                            "service_account.#": "1",
                            "service_account.0.email": "408481859568-compute@developer.gserviceaccount.com",
                            "service_account.0.scopes.#": "1",
                            "service_account.0.scopes.2862113455": "https://www.googleapis.com/auth/compute.readonly",
                            "tags.#": "2",
                            "tags.3207122276": "main",
                            "tags.3632233996": "test",
                            "tags_fingerprint": "eKB4pueYDi0=",
                            "zone": "europe-west1-c"
                        },
                        "meta": {
                            "schema_version": "2"
                        },
                        "tainted": false
                    },
                    "deposed": [],
                    "provider": ""
                },
                "google_compute_instance.default.2": {
                    "type": "google_compute_instance",
                    "depends_on": [],
                    "primary": {
                        "id": "main-server-3",
                        "attributes": {
                            "can_ip_forward": "false",
                            "disk.#": "1",
                            "disk.0.auto_delete": "true",
                            "disk.0.device_name": "",
                            "disk.0.disk": "",
                            "disk.0.image": "ubuntu-os-cloud/ubuntu-1604-xenial-v20160930",
                            "disk.0.scratch": "false",
                            "disk.0.size": "100",
                            "disk.0.type": "pd-standard",
                            "id": "main-server-3",
                            "machine_type": "n1-standard-1",
                            "metadata.%": "1",
                            "metadata.ssh-keys": "root:ssh-rsa AAAAB3NzaC1yc2EAAAADAQABAAABAQDzx1VVJ0ojdkWE9j5v3D4ia0vTJrRUlRWAXkHvCrmHuBeIztxsz0d2wY4CkifcB9ch6m9UEYI3Ocxz3Li/tKn1IyjKKq6rBztfMrJkWUHapXxwLhvCxHilrcygMsZhQtdpiYH6uUTPS0RMXpkPw/VV0CbjhOpreQ1J0jajwwzfobUnG3pEm+KvvM1WjLfhIz6WRu5dZhC11ZYqba4HNCV7XJKOgYXrP0hoTOYSDCB7JYK6aNGHrZNJQpN4Gs1tSgQ6yD3g6B2aYNt3O8uryB8k7ECBCEXhe+IBEPCp2IvbJXKW4tEW4FZ7By0721jeDQ5wEf7TTZUamjQiTTTbRGez max@maxw-OptiPlex-7010\n",
                            "metadata_fingerprint": "dCbrjZi-mT4=",
                            "name": "main-server-3",
                            "network.#": "0",
                            "network_interface.#": "1",
                            "network_interface.0.access_config.#": "1",
                            "network_interface.0.access_config.0.assigned_nat_ip": "104.155.92.222",
                            "network_interface.0.access_config.0.nat_ip": "",
                            "network_interface.0.address": "10.240.0.10",
                            "network_interface.0.name": "nic0",
                            "network_interface.0.network": "default",
                            "network_interface.0.subnetwork": "",
                            "self_link": "https://www.googleapis.com/compute/v1/projects/infect-testing/zones/europe-west1-c/instances/main-server-3",
                            "service_account.#": "1",
                            "service_account.0.email": "408481859568-compute@developer.gserviceaccount.com",
                            "service_account.0.scopes.#": "1",
                            "service_account.0.scopes.2862113455": "https://www.googleapis.com/auth/compute.readonly",
                            "tags.#": "2",
                            "tags.3207122276": "main",
                            "tags.3632233996": "test",
                            "tags_fingerprint": "eKB4pueYDi0=",
                            "zone": "europe-west1-c"
                        },
                        "meta": {
                            "schema_version": "2"
                        },
                        "tainted": false
                    },
                    "deposed": [],
                    "provider": ""
                },
                "google_compute_instance.sqlserver": {
                    "type": "google_compute_instance",
                    "depends_on": [],
                    "primary": {
                        "id": "mysql-server-001",
                        "attributes": {
                            "can_ip_forward": "false",
                            "disk.#": "1",
                            "disk.0.auto_delete": "true",
                            "disk.0.device_name": "",
                            "disk.0.disk": "",
                            "disk.0.image": "ubuntu-os-cloud/ubuntu-1604-xenial-v20161011",
                            "disk.0.scratch": "false",
                            "disk.0.size": "120",
                            "disk.0.type": "",
                            "id": "mysql-server-001",
                            "machine_type": "n1-highmem-2",
                            "metadata.%": "1",
                            "metadata.ssh-keys": "root:ssh-rsa AAAAB3NzaC1yc2EAAAADAQABAAABAQDzx1VVJ0ojdkWE9j5v3D4ia0vTJrRUlRWAXkHvCrmHuBeIztxsz0d2wY4CkifcB9ch6m9UEYI3Ocxz3Li/tKn1IyjKKq6rBztfMrJkWUHapXxwLhvCxHilrcygMsZhQtdpiYH6uUTPS0RMXpkPw/VV0CbjhOpreQ1J0jajwwzfobUnG3pEm+KvvM1WjLfhIz6WRu5dZhC11ZYqba4HNCV7XJKOgYXrP0hoTOYSDCB7JYK6aNGHrZNJQpN4Gs1tSgQ6yD3g6B2aYNt3O8uryB8k7ECBCEXhe+IBEPCp2IvbJXKW4tEW4FZ7By0721jeDQ5wEf7TTZUamjQiTTTbRGez max@maxw-OptiPlex-7010\n",
                            "metadata_fingerprint": "dCbrjZi-mT4=",
                            "name": "mysql-server-001",
                            "network.#": "0",
                            "network_interface.#": "1",
                            "network_interface.0.access_config.#": "1",
                            "network_interface.0.access_config.0.assigned_nat_ip": "104.199.39.245",
                            "network_interface.0.access_config.0.nat_ip": "",
                            "network_interface.0.address": "10.240.0.11",
                            "network_interface.0.name": "nic0",
                            "network_interface.0.network": "default",
                            "network_interface.0.subnetwork": "",
                            "self_link": "https://www.googleapis.com/compute/v1/projects/infect-testing/zones/europe-west1-c/instances/mysql-server-001",
                            "service_account.#": "1",
                            "service_account.0.email": "408481859568-compute@developer.gserviceaccount.com",
                            "service_account.0.scopes.#": "1",
                            "service_account.0.scopes.2862113455": "https://www.googleapis.com/auth/compute.readonly",
                            "tags.#": "2",
                            "tags.2501908538": "mysql",
                            "tags.3377661486": "database",
                            "tags_fingerprint": "mFArjAVlgQ8=",
                            "zone": "europe-west1-c"
                        },
                        "meta": {
                            "schema_version": "2"
                        },
                        "tainted": false
                    },
                    "deposed": [],
                    "provider": ""
                },
                "google_compute_target_pool.default": {
                    "type": "google_compute_target_pool",
                    "depends_on": [
                        "google_compute_http_health_check.default",
                        "google_compute_instance.default"
                    ],
                    "primary": {
                        "id": "tf-default-target-pool",
                        "attributes": {
                            "backup_pool": "",
                            "description": "",
                            "failover_ratio": "0",
                            "health_checks.#": "1",
                            "health_checks.0": "tf-www-basic-check",
                            "id": "tf-default-target-pool",
                            "instances.#": "3",
                            "instances.0": "europe-west1-c/main-server-1",
                            "instances.1": "europe-west1-c/main-server-2",
                            "instances.2": "europe-west1-c/main-server-3",
                            "name": "tf-default-target-pool",
                            "project": "infect-testing",
                            "region": "europe-west1",
                            "self_link": "https://www.googleapis.com/compute/v1/projects/infect-testing/regions/europe-west1/targetPools/tf-default-target-pool",
                            "session_affinity": ""
                        },
                        "meta": {},
                        "tainted": false
                    },
                    "deposed": [],
                    "provider": ""
                }
            },
            "depends_on": []
        }
    ]
}
